
Microsoft Visual Studio Solution File, Format Version 12.00
# Visual Studio 15
VisualStudioVersion = 15.0.27703.2000
MinimumVisualStudioVersion = 10.0.40219.1
Project("{FAE04EC0-301F-11D3-BF4B-00C04F79EFBC}") = "WebApplicationPrueba", "WebApplicationPrueba\WebApplicationPrueba.csproj", "{689A5EAA-EB9F-4FB6-BFE8-887724CDB1D3}"
EndProject
Project("{2150E333-8FDC-42A3-9474-1A3956D46DE8}") = "FRONT", "FRONT", "{75269C7B-B3C2-46D2-9243-7788BCA077EC}"
EndProject
Global
	GlobalSection(SolutionConfigurationPlatforms) = preSolution
		Debug|Any CPU = Debug|Any CPU
		Release|Any CPU = Release|Any CPU
	EndGlobalSection
	GlobalSection(ProjectConfigurationPlatforms) = postSolution
		{689A5EAA-EB9F-4FB6-BFE8-887724CDB1D3}.Debug|Any CPU.ActiveCfg = Debug|Any CPU
		{689A5EAA-EB9F-4FB6-BFE8-887724CDB1D3}.Debug|Any CPU.Build.0 = Debug|Any CPU
		{689A5EAA-EB9F-4FB6-BFE8-887724CDB1D3}.Release|Any CPU.ActiveCfg = Release|Any CPU
		{689A5EAA-EB9F-4FB6-BFE8-887724CDB1D3}.Release|Any CPU.Build.0 = Release|Any CPU
	EndGlobalSection
	GlobalSection(SolutionProperties) = preSolution
		HideSolutionNode = FALSE
	EndGlobalSection
	GlobalSection(NestedProjects) = preSolution
		{689A5EAA-EB9F-4FB6-BFE8-887724CDB1D3} = {75269C7B-B3C2-46D2-9243-7788BCA077EC}
	EndGlobalSection
	GlobalSection(ExtensibilityGlobals) = postSolution
		SolutionGuid = {539C3408-0EF6-4434-BA75-7B68F27E2442}
	EndGlobalSection
EndGlobal
